
Microsoft Visual Studio Solution File, Format Version 12.00
# Visual Studio Version 16
VisualStudioVersion = 16.0.30114.105
MinimumVisualStudioVersion = 10.0.40219.1
Project("{FAE04EC0-301F-11D3-BF4B-00C04F79EFBC}") = "API", "API\API.csproj", "{8A10825B-136A-42C0-BBD8-78EA46A3428C}"
EndProject
Project("{FAE04EC0-301F-11D3-BF4B-00C04F79EFBC}") = "Application", "Application\Application.csproj", "{1C772EDD-5AFE-4273-A606-1000761D4D3F}"
EndProject
Project("{FAE04EC0-301F-11D3-BF4B-00C04F79EFBC}") = "Persistence", "Persistence\Persistence.csproj", "{729E1E4D-E422-45D9-9D08-8C91BC1E7005}"
EndProject
Project("{FAE04EC0-301F-11D3-BF4B-00C04F79EFBC}") = "Domain", "Domain\Domain.csproj", "{7F45D068-36DA-4BEC-8BDB-F6F3ACEACA19}"
EndProject
Global
	GlobalSection(SolutionConfigurationPlatforms) = preSolution
		Debug|Any CPU = Debug|Any CPU
		Release|Any CPU = Release|Any CPU
	EndGlobalSection
	GlobalSection(SolutionProperties) = preSolution
		HideSolutionNode = FALSE
	EndGlobalSection
	GlobalSection(ProjectConfigurationPlatforms) = postSolution
		{8A10825B-136A-42C0-BBD8-78EA46A3428C}.Debug|Any CPU.ActiveCfg = Debug|Any CPU
		{8A10825B-136A-42C0-BBD8-78EA46A3428C}.Debug|Any CPU.Build.0 = Debug|Any CPU
		{8A10825B-136A-42C0-BBD8-78EA46A3428C}.Release|Any CPU.ActiveCfg = Release|Any CPU
		{8A10825B-136A-42C0-BBD8-78EA46A3428C}.Release|Any CPU.Build.0 = Release|Any CPU
		{1C772EDD-5AFE-4273-A606-1000761D4D3F}.Debug|Any CPU.ActiveCfg = Debug|Any CPU
		{1C772EDD-5AFE-4273-A606-1000761D4D3F}.Debug|Any CPU.Build.0 = Debug|Any CPU
		{1C772EDD-5AFE-4273-A606-1000761D4D3F}.Release|Any CPU.ActiveCfg = Release|Any CPU
		{1C772EDD-5AFE-4273-A606-1000761D4D3F}.Release|Any CPU.Build.0 = Release|Any CPU
		{729E1E4D-E422-45D9-9D08-8C91BC1E7005}.Debug|Any CPU.ActiveCfg = Debug|Any CPU
		{729E1E4D-E422-45D9-9D08-8C91BC1E7005}.Debug|Any CPU.Build.0 = Debug|Any CPU
		{729E1E4D-E422-45D9-9D08-8C91BC1E7005}.Release|Any CPU.ActiveCfg = Release|Any CPU
		{729E1E4D-E422-45D9-9D08-8C91BC1E7005}.Release|Any CPU.Build.0 = Release|Any CPU
		{7F45D068-36DA-4BEC-8BDB-F6F3ACEACA19}.Debug|Any CPU.ActiveCfg = Debug|Any CPU
		{7F45D068-36DA-4BEC-8BDB-F6F3ACEACA19}.Debug|Any CPU.Build.0 = Debug|Any CPU
		{7F45D068-36DA-4BEC-8BDB-F6F3ACEACA19}.Release|Any CPU.ActiveCfg = Release|Any CPU
		{7F45D068-36DA-4BEC-8BDB-F6F3ACEACA19}.Release|Any CPU.Build.0 = Release|Any CPU
	EndGlobalSection
EndGlobal
